
Microsoft Visual Studio Solution File, Format Version 12.00
# Visual Studio Version 17
VisualStudioVersion = 17.4.33110.190
MinimumVisualStudioVersion = 10.0.40219.1
Project("{FAE04EC0-301F-11D3-BF4B-00C04F79EFBC}") = "VirusKadnikovNewVersion", "VirusKadnikovNewVersion\VirusKadnikovNewVersion.csproj", "{B46FAFD9-1229-444D-A500-A98175AFB487}"
EndProject
Global
	GlobalSection(SolutionConfigurationPlatforms) = preSolution
		Debug|Any CPU = Debug|Any CPU
		Release|Any CPU = Release|Any CPU
	EndGlobalSection
	GlobalSection(ProjectConfigurationPlatforms) = postSolution
		{B46FAFD9-1229-444D-A500-A98175AFB487}.Debug|Any CPU.ActiveCfg = Debug|Any CPU
		{B46FAFD9-1229-444D-A500-A98175AFB487}.Debug|Any CPU.Build.0 = Debug|Any CPU
		{B46FAFD9-1229-444D-A500-A98175AFB487}.Release|Any CPU.ActiveCfg = Release|Any CPU
		{B46FAFD9-1229-444D-A500-A98175AFB487}.Release|Any CPU.Build.0 = Release|Any CPU
	EndGlobalSection
	GlobalSection(SolutionProperties) = preSolution
		HideSolutionNode = FALSE
	EndGlobalSection
	GlobalSection(ExtensibilityGlobals) = postSolution
		SolutionGuid = {69841B32-5918-45AF-A2B3-BEB31FC640F2}
	EndGlobalSection
EndGlobal
